
Microsoft Visual Studio Solution File, Format Version 12.00
# Visual Studio 15
VisualStudioVersion = 15.0.28307.1062
MinimumVisualStudioVersion = 10.0.40219.1
Project("{2150E333-8FDC-42A3-9474-1A3956D46DE8}") = "1 - Presentation", "1 - Presentation", "{C0010D4F-D9D6-42E9-A672-8E6F1D99F609}"
EndProject
Project("{2150E333-8FDC-42A3-9474-1A3956D46DE8}") = "2 - Services", "2 - Services", "{9AB2DE4B-D3D1-4865-AA35-734356DCE246}"
EndProject
Project("{2150E333-8FDC-42A3-9474-1A3956D46DE8}") = "3 - Application", "3 - Application", "{061B2F42-9198-4762-8B60-13F3E40BEBAA}"
EndProject
Project("{2150E333-8FDC-42A3-9474-1A3956D46DE8}") = "4 - Domain", "4 - Domain", "{0EA2C987-94DC-4296-8120-1DBD213935DD}"
EndProject
Project("{2150E333-8FDC-42A3-9474-1A3956D46DE8}") = "5 - Infra", "5 - Infra", "{BEBA4F28-AE6D-446C-89D9-7726584D5899}"
EndProject
Project("{2150E333-8FDC-42A3-9474-1A3956D46DE8}") = "5.1 - Data", "5.1 - Data", "{9FDCD485-ADB5-4914-8A38-FE9100157013}"
EndProject
Project("{2150E333-8FDC-42A3-9474-1A3956D46DE8}") = "5.2 - CrossCutting", "5.2 - CrossCutting", "{F72F9B87-C1CD-4C32-A8D7-9C081591D18D}"
EndProject
Project("{9A19103F-16F7-4668-BE54-9A1E7A4F7556}") = "Eventos.IO.Domain", "src\Eventos.IO.Domain\Eventos.IO.Domain.csproj", "{3BBC1EDA-B4F9-4C85-8DB1-072718BFCE4A}"
EndProject
Project("{9A19103F-16F7-4668-BE54-9A1E7A4F7556}") = "Eventos.IO.Domain.Core", "src\Eventos.IO.Domain.Core\Eventos.IO.Domain.Core.csproj", "{0ED83780-7FA2-412D-8E42-321AD7F76A62}"
EndProject
Project("{9A19103F-16F7-4668-BE54-9A1E7A4F7556}") = "Eventos.IO.Infra.Data", "src\Eventos.IO.Infra.Data\Eventos.IO.Infra.Data.csproj", "{5A80020D-205F-45B5-9B0E-7FF8CDC2DC72}"
EndProject
Project("{9A19103F-16F7-4668-BE54-9A1E7A4F7556}") = "Eventos.IO.Site", "src\Eventos.IO.Site\Eventos.IO.Site.csproj", "{31F35765-35F0-452C-A96A-BC56DC168534}"
EndProject
Project("{9A19103F-16F7-4668-BE54-9A1E7A4F7556}") = "Eventos.IO.Application", "src\Eventos.IO.Application\Eventos.IO.Application.csproj", "{E943AE5D-D41E-41F2-BA83-26D383C694FE}"
EndProject
Project("{9A19103F-16F7-4668-BE54-9A1E7A4F7556}") = "Eventos.IO.Infra.CrossCutting.IoC", "src\Eventos.IO.Infra.CrossCutting.IoC\Eventos.IO.Infra.CrossCutting.IoC.csproj", "{9128C583-8B08-4FDD-A24A-DE57DF7A4DEC}"
EndProject
Project("{9A19103F-16F7-4668-BE54-9A1E7A4F7556}") = "Eventos.IO.Infra.CrossCutting.Bus", "src\Eventos.IO.Infra.CrossCutting.Bus\Eventos.IO.Infra.CrossCutting.Bus.csproj", "{475859A7-1E8F-4A33-ABAC-65B7A21E130C}"
EndProject
Project("{9A19103F-16F7-4668-BE54-9A1E7A4F7556}") = "Eventos.IO.Infra.CrossCutting.Identity", "src\Eventos.IO.Infra.CrossCutting.Identity\Eventos.IO.Infra.CrossCutting.Identity.csproj", "{77522520-64A8-477C-A068-889A96DBEDB9}"
EndProject
Project("{9A19103F-16F7-4668-BE54-9A1E7A4F7556}") = "Eventos.IO.Infra.CrossCutting.AspNetFilters", "src\Eventos.IO.Infra.CrossCutting.AspNetFilters\Eventos.IO.Infra.CrossCutting.AspNetFilters.csproj", "{7C8E6C6E-9CAC-4AA2-A917-CECDE8725A0C}"
EndProject
Project("{9A19103F-16F7-4668-BE54-9A1E7A4F7556}") = "Eventos.IO.Services.Api", "src\Eventos.IO.Services.Api\Eventos.IO.Services.Api.csproj", "{E451A996-15B7-46BE-8B77-FF1F7AC4A9E2}"
EndProject
Project("{2150E333-8FDC-42A3-9474-1A3956D46DE8}") = "6 - Tests", "6 - Tests", "{323BBFE4-7E11-4A15-B0B2-85BD079B7CF1}"
EndProject
Project("{9A19103F-16F7-4668-BE54-9A1E7A4F7556}") = "Eventos.IO.Tests.API", "tests\Eventos.IO.Tests.API\Eventos.IO.Tests.API.csproj", "{0C93C066-7E4B-4017-9FA3-928B603E6F06}"
EndProject
Project("{9A19103F-16F7-4668-BE54-9A1E7A4F7556}") = "Eventos.IO.TestesAutomatizados", "tests\Eventos.IO.TestesAutomatizados\Eventos.IO.TestesAutomatizados.csproj", "{16451843-7DFB-49FC-B6C8-6D6F437D8A18}"
EndProject
Global
	GlobalSection(SolutionConfigurationPlatforms) = preSolution
		Debug|Any CPU = Debug|Any CPU
		Release|Any CPU = Release|Any CPU
	EndGlobalSection
	GlobalSection(ProjectConfigurationPlatforms) = postSolution
		{3BBC1EDA-B4F9-4C85-8DB1-072718BFCE4A}.Debug|Any CPU.ActiveCfg = Debug|Any CPU
		{3BBC1EDA-B4F9-4C85-8DB1-072718BFCE4A}.Debug|Any CPU.Build.0 = Debug|Any CPU
		{3BBC1EDA-B4F9-4C85-8DB1-072718BFCE4A}.Release|Any CPU.ActiveCfg = Release|Any CPU
		{3BBC1EDA-B4F9-4C85-8DB1-072718BFCE4A}.Release|Any CPU.Build.0 = Release|Any CPU
		{0ED83780-7FA2-412D-8E42-321AD7F76A62}.Debug|Any CPU.ActiveCfg = Debug|Any CPU
		{0ED83780-7FA2-412D-8E42-321AD7F76A62}.Debug|Any CPU.Build.0 = Debug|Any CPU
		{0ED83780-7FA2-412D-8E42-321AD7F76A62}.Release|Any CPU.ActiveCfg = Release|Any CPU
		{0ED83780-7FA2-412D-8E42-321AD7F76A62}.Release|Any CPU.Build.0 = Release|Any CPU
		{5A80020D-205F-45B5-9B0E-7FF8CDC2DC72}.Debug|Any CPU.ActiveCfg = Debug|Any CPU
		{5A80020D-205F-45B5-9B0E-7FF8CDC2DC72}.Debug|Any CPU.Build.0 = Debug|Any CPU
		{5A80020D-205F-45B5-9B0E-7FF8CDC2DC72}.Release|Any CPU.ActiveCfg = Release|Any CPU
		{5A80020D-205F-45B5-9B0E-7FF8CDC2DC72}.Release|Any CPU.Build.0 = Release|Any CPU
		{31F35765-35F0-452C-A96A-BC56DC168534}.Debug|Any CPU.ActiveCfg = Debug|Any CPU
		{31F35765-35F0-452C-A96A-BC56DC168534}.Debug|Any CPU.Build.0 = Debug|Any CPU
		{31F35765-35F0-452C-A96A-BC56DC168534}.Release|Any CPU.ActiveCfg = Release|Any CPU
		{31F35765-35F0-452C-A96A-BC56DC168534}.Release|Any CPU.Build.0 = Release|Any CPU
		{E943AE5D-D41E-41F2-BA83-26D383C694FE}.Debug|Any CPU.ActiveCfg = Debug|Any CPU
		{E943AE5D-D41E-41F2-BA83-26D383C694FE}.Debug|Any CPU.Build.0 = Debug|Any CPU
		{E943AE5D-D41E-41F2-BA83-26D383C694FE}.Release|Any CPU.ActiveCfg = Release|Any CPU
		{E943AE5D-D41E-41F2-BA83-26D383C694FE}.Release|Any CPU.Build.0 = Release|Any CPU
		{9128C583-8B08-4FDD-A24A-DE57DF7A4DEC}.Debug|Any CPU.ActiveCfg = Debug|Any CPU
		{9128C583-8B08-4FDD-A24A-DE57DF7A4DEC}.Debug|Any CPU.Build.0 = Debug|Any CPU
		{9128C583-8B08-4FDD-A24A-DE57DF7A4DEC}.Release|Any CPU.ActiveCfg = Release|Any CPU
		{9128C583-8B08-4FDD-A24A-DE57DF7A4DEC}.Release|Any CPU.Build.0 = Release|Any CPU
		{475859A7-1E8F-4A33-ABAC-65B7A21E130C}.Debug|Any CPU.ActiveCfg = Debug|Any CPU
		{475859A7-1E8F-4A33-ABAC-65B7A21E130C}.Debug|Any CPU.Build.0 = Debug|Any CPU
		{475859A7-1E8F-4A33-ABAC-65B7A21E130C}.Release|Any CPU.ActiveCfg = Release|Any CPU
		{475859A7-1E8F-4A33-ABAC-65B7A21E130C}.Release|Any CPU.Build.0 = Release|Any CPU
		{77522520-64A8-477C-A068-889A96DBEDB9}.Debug|Any CPU.ActiveCfg = Debug|Any CPU
		{77522520-64A8-477C-A068-889A96DBEDB9}.Debug|Any CPU.Build.0 = Debug|Any CPU
		{77522520-64A8-477C-A068-889A96DBEDB9}.Release|Any CPU.ActiveCfg = Release|Any CPU
		{77522520-64A8-477C-A068-889A96DBEDB9}.Release|Any CPU.Build.0 = Release|Any CPU
		{7C8E6C6E-9CAC-4AA2-A917-CECDE8725A0C}.Debug|Any CPU.ActiveCfg = Debug|Any CPU
		{7C8E6C6E-9CAC-4AA2-A917-CECDE8725A0C}.Debug|Any CPU.Build.0 = Debug|Any CPU
		{7C8E6C6E-9CAC-4AA2-A917-CECDE8725A0C}.Release|Any CPU.ActiveCfg = Release|Any CPU
		{7C8E6C6E-9CAC-4AA2-A917-CECDE8725A0C}.Release|Any CPU.Build.0 = Release|Any CPU
		{E451A996-15B7-46BE-8B77-FF1F7AC4A9E2}.Debug|Any CPU.ActiveCfg = Debug|Any CPU
		{E451A996-15B7-46BE-8B77-FF1F7AC4A9E2}.Debug|Any CPU.Build.0 = Debug|Any CPU
		{E451A996-15B7-46BE-8B77-FF1F7AC4A9E2}.Release|Any CPU.ActiveCfg = Release|Any CPU
		{E451A996-15B7-46BE-8B77-FF1F7AC4A9E2}.Release|Any CPU.Build.0 = Release|Any CPU
		{0C93C066-7E4B-4017-9FA3-928B603E6F06}.Debug|Any CPU.ActiveCfg = Debug|Any CPU
		{0C93C066-7E4B-4017-9FA3-928B603E6F06}.Debug|Any CPU.Build.0 = Debug|Any CPU
		{0C93C066-7E4B-4017-9FA3-928B603E6F06}.Release|Any CPU.ActiveCfg = Release|Any CPU
		{0C93C066-7E4B-4017-9FA3-928B603E6F06}.Release|Any CPU.Build.0 = Release|Any CPU
		{16451843-7DFB-49FC-B6C8-6D6F437D8A18}.Debug|Any CPU.ActiveCfg = Debug|Any CPU
		{16451843-7DFB-49FC-B6C8-6D6F437D8A18}.Debug|Any CPU.Build.0 = Debug|Any CPU
		{16451843-7DFB-49FC-B6C8-6D6F437D8A18}.Release|Any CPU.ActiveCfg = Release|Any CPU
		{16451843-7DFB-49FC-B6C8-6D6F437D8A18}.Release|Any CPU.Build.0 = Release|Any CPU
	EndGlobalSection
	GlobalSection(SolutionProperties) = preSolution
		HideSolutionNode = FALSE
	EndGlobalSection
	GlobalSection(NestedProjects) = preSolution
		{9FDCD485-ADB5-4914-8A38-FE9100157013} = {BEBA4F28-AE6D-446C-89D9-7726584D5899}
		{F72F9B87-C1CD-4C32-A8D7-9C081591D18D} = {BEBA4F28-AE6D-446C-89D9-7726584D5899}
		{3BBC1EDA-B4F9-4C85-8DB1-072718BFCE4A} = {0EA2C987-94DC-4296-8120-1DBD213935DD}
		{0ED83780-7FA2-412D-8E42-321AD7F76A62} = {0EA2C987-94DC-4296-8120-1DBD213935DD}
		{5A80020D-205F-45B5-9B0E-7FF8CDC2DC72} = {9FDCD485-ADB5-4914-8A38-FE9100157013}
		{31F35765-35F0-452C-A96A-BC56DC168534} = {C0010D4F-D9D6-42E9-A672-8E6F1D99F609}
		{E943AE5D-D41E-41F2-BA83-26D383C694FE} = {061B2F42-9198-4762-8B60-13F3E40BEBAA}
		{9128C583-8B08-4FDD-A24A-DE57DF7A4DEC} = {F72F9B87-C1CD-4C32-A8D7-9C081591D18D}
		{475859A7-1E8F-4A33-ABAC-65B7A21E130C} = {F72F9B87-C1CD-4C32-A8D7-9C081591D18D}
		{77522520-64A8-477C-A068-889A96DBEDB9} = {F72F9B87-C1CD-4C32-A8D7-9C081591D18D}
		{7C8E6C6E-9CAC-4AA2-A917-CECDE8725A0C} = {F72F9B87-C1CD-4C32-A8D7-9C081591D18D}
		{E451A996-15B7-46BE-8B77-FF1F7AC4A9E2} = {9AB2DE4B-D3D1-4865-AA35-734356DCE246}
		{0C93C066-7E4B-4017-9FA3-928B603E6F06} = {323BBFE4-7E11-4A15-B0B2-85BD079B7CF1}
		{16451843-7DFB-49FC-B6C8-6D6F437D8A18} = {323BBFE4-7E11-4A15-B0B2-85BD079B7CF1}
	EndGlobalSection
	GlobalSection(ExtensibilityGlobals) = postSolution
		SolutionGuid = {EEA1476F-448D-45E3-9FC3-23E319087A2B}
	EndGlobalSection
EndGlobal
